
Microsoft Visual Studio Solution File, Format Version 10.00
# Visual C++ Express 2008
Project("{8BC9CEB8-8B4A-11D0-8D11-00A0C91BC942}") = "cvisual", "cvisual27.vcproj", "{6B195417-DC9C-499D-A16E-31FB23D526DF}"
EndProject
Global
	GlobalSection(SolutionConfigurationPlatforms) = preSolution
		Debug|Win32 = Debug|Win32
		Release|Win32 = Release|Win32
	EndGlobalSection
	GlobalSection(ProjectConfigurationPlatforms) = postSolution
		{6B195417-DC9C-499D-A16E-31FB23D526DF}.Debug|Win32.ActiveCfg = Debug|Win32
		{6B195417-DC9C-499D-A16E-31FB23D526DF}.Debug|Win32.Build.0 = Debug|Win32
		{6B195417-DC9C-499D-A16E-31FB23D526DF}.Release|Win32.ActiveCfg = Release|Win32
		{6B195417-DC9C-499D-A16E-31FB23D526DF}.Release|Win32.Build.0 = Release|Win32
	EndGlobalSection
	GlobalSection(SolutionProperties) = preSolution
		HideSolutionNode = FALSE
	EndGlobalSection
EndGlobal
